
Microsoft Visual Studio Solution File, Format Version 12.00
# Visual Studio 2013
VisualStudioVersion = 12.0.31101.0
MinimumVisualStudioVersion = 10.0.40219.1
Project("{FAE04EC0-301F-11D3-BF4B-00C04F79EFBC}") = "Web", "Web\Web.csproj", "{B0ABC746-6B5B-4931-A91A-F6CD75E33FCC}"
EndProject
Project("{FAE04EC0-301F-11D3-BF4B-00C04F79EFBC}") = "Data", "Data\Data.csproj", "{A1EF95DB-E2C5-44CB-908F-C037B3623182}"
EndProject
Project("{FAE04EC0-301F-11D3-BF4B-00C04F79EFBC}") = "Tests", "Tests\Tests.csproj", "{BFC8F909-3C42-4796-A41E-BDB703EAC52C}"
EndProject
Project("{FAE04EC0-301F-11D3-BF4B-00C04F79EFBC}") = "WebJob", "WebJob\WebJob.csproj", "{5EC06F39-2DFB-4413-9A1A-CC2F9148DA51}"
EndProject
Global
	GlobalSection(SolutionConfigurationPlatforms) = preSolution
		Debug|Any CPU = Debug|Any CPU
		Release|Any CPU = Release|Any CPU
	EndGlobalSection
	GlobalSection(ProjectConfigurationPlatforms) = postSolution
		{B0ABC746-6B5B-4931-A91A-F6CD75E33FCC}.Debug|Any CPU.ActiveCfg = Debug|Any CPU
		{B0ABC746-6B5B-4931-A91A-F6CD75E33FCC}.Debug|Any CPU.Build.0 = Debug|Any CPU
		{B0ABC746-6B5B-4931-A91A-F6CD75E33FCC}.Release|Any CPU.ActiveCfg = Release|Any CPU
		{B0ABC746-6B5B-4931-A91A-F6CD75E33FCC}.Release|Any CPU.Build.0 = Release|Any CPU
		{A1EF95DB-E2C5-44CB-908F-C037B3623182}.Debug|Any CPU.ActiveCfg = Debug|Any CPU
		{A1EF95DB-E2C5-44CB-908F-C037B3623182}.Debug|Any CPU.Build.0 = Debug|Any CPU
		{A1EF95DB-E2C5-44CB-908F-C037B3623182}.Release|Any CPU.ActiveCfg = Release|Any CPU
		{A1EF95DB-E2C5-44CB-908F-C037B3623182}.Release|Any CPU.Build.0 = Release|Any CPU
		{BFC8F909-3C42-4796-A41E-BDB703EAC52C}.Debug|Any CPU.ActiveCfg = Debug|Any CPU
		{BFC8F909-3C42-4796-A41E-BDB703EAC52C}.Debug|Any CPU.Build.0 = Debug|Any CPU
		{BFC8F909-3C42-4796-A41E-BDB703EAC52C}.Release|Any CPU.ActiveCfg = Release|Any CPU
		{BFC8F909-3C42-4796-A41E-BDB703EAC52C}.Release|Any CPU.Build.0 = Release|Any CPU
		{5EC06F39-2DFB-4413-9A1A-CC2F9148DA51}.Debug|Any CPU.ActiveCfg = Debug|Any CPU
		{5EC06F39-2DFB-4413-9A1A-CC2F9148DA51}.Debug|Any CPU.Build.0 = Debug|Any CPU
		{5EC06F39-2DFB-4413-9A1A-CC2F9148DA51}.Release|Any CPU.ActiveCfg = Release|Any CPU
		{5EC06F39-2DFB-4413-9A1A-CC2F9148DA51}.Release|Any CPU.Build.0 = Release|Any CPU
	EndGlobalSection
	GlobalSection(SolutionProperties) = preSolution
		HideSolutionNode = FALSE
	EndGlobalSection
EndGlobal
